{
  "blink.cmp": { "branch": "main", "commit": "75cadbcd2657ed01326ca2b0e5e4d78a77127ca3" },
  "catppuccin": { "branch": "patch-1", "commit": "07aa16c3dc1e514aa7f8dbee96e82cb419f6a4aa" },
  "cellular-automaton.nvim": { "branch": "main", "commit": "11aea08aa084f9d523b0142c2cd9441b8ede09ed" },
  "conform.nvim": { "branch": "master", "commit": "62d5accad8b29d6ba9b58d3dff90c43a55621c60" },
  "copilot.lua": { "branch": "master", "commit": "f8d8d872bb319f640d5177dad5fbf01f7a16d7d0" },
  "friendly-snippets": { "branch": "main", "commit": "de8fce94985873666bd9712ea3e49ee17aadb1ed" },
  "fzf-lua": { "branch": "main", "commit": "9427dc65afaa7972fb20fc52280cd1449f691928" },
  "gitsigns.nvim": { "branch": "main", "commit": "5f808b5e4fef30bd8aca1b803b4e555da07fc412" },
  "guess-indent.nvim": { "branch": "main", "commit": "6cd61f7a600bb756e558627cd2e740302c58e32d" },
  "headlines.nvim": { "branch": "master", "commit": "bf17c96a836ea27c0a7a2650ba385a7783ed322e" },
  "lazy.nvim": { "branch": "main", "commit": "56ead98e05bb37a4ec28930a54d836d033cf00f2" },
  "local-highlight.nvim": { "branch": "master", "commit": "ae3ada3a332128b1036c84c8587b9069891c63da" },
  "markdown-preview.nvim": { "branch": "master", "commit": "a923f5fc5ba36a3b17e289dc35dc17f66d0548ee" },
  "mini.bufremove": { "branch": "main", "commit": "285bdac9596ee7375db50c0f76ed04336dcd2685" },
  "mini.jump": { "branch": "main", "commit": "cd429d8d631a2fa766e60b72ee6fbff78afa3fda" },
  "minty": { "branch": "main", "commit": "b454ca0229f8e22a631fd3c014ec99973fb8cad4" },
  "noice.nvim": { "branch": "main", "commit": "9ccd02965382922c33762933c5601318f93e19fb" },
  "nui.nvim": { "branch": "main", "commit": "b58e2bfda5cea347c9d58b7f11cf3012c7b3953f" },
  "nvim-highlight-colors": { "branch": "main", "commit": "e967e2ba13fd4ca731b41d0e5cc1ac2edcd6e25e" },
  "nvim-lspconfig": { "branch": "master", "commit": "c646154d6e4db9b2979eeb517d0b817ad00c9c47" },
  "nvim-luapad": { "branch": "master", "commit": "176686eb616a5ada5dfc748f2b5109194bbe8a71" },
  "nvim-treesitter": { "branch": "master", "commit": "efb2e9c607cab1e4f7171493b7c6f63bd39073fc" },
  "nvim-treesitter-context": { "branch": "master", "commit": "8e412ebe97d84504b68a071ecf9bb68413b13632" },
  "nvim-treesitter-endwise": { "branch": "master", "commit": "8b34305ffc28bd75a22f5a0a9928ee726a85c9a6" },
  "nvim-ts-autotag": { "branch": "main", "commit": "e239a560f338be31337e7abc3ee42515daf23f5e" },
  "nvim-web-devicons": { "branch": "master", "commit": "9763790f68d37b44457a434920ffeb0b97949e12" },
  "oil.nvim": { "branch": "master", "commit": "99ce32f4a2ecf76263b72fcc31efb163faa1a941" },
  "plenary.nvim": { "branch": "master", "commit": "2d9b06177a975543726ce5c73fca176cedbffe9d" },
  "schemastore.nvim": { "branch": "main", "commit": "68910b1584fb7fe520c4d5aa8e05c207cbba290e" },
  "scrollEOF.nvim": { "branch": "master", "commit": "f0ce8b853b15edacc5380855fbfe9e606788df69" },
  "showkeys": { "branch": "main", "commit": "447b0bfb6a107065dcf64ceaae554e8b3f5aa23f" },
  "symbol-usage.nvim": { "branch": "main", "commit": "0f9b3da014b7e41559b643e7461fcabb2a7dc83a" },
  "tiny-devicons-auto-colors.nvim": { "branch": "main", "commit": "a39fa4c92268832f6034306793b8acbfec2a7549" },
  "treesj": { "branch": "main", "commit": "03415ac60791d48e120a80d37e080744faf3ac15" },
  "typr": { "branch": "main", "commit": "52b01cc7c9cdbf4b7376a2cf20a7cbbea69ecb99" },
  "ultimate-autopair.nvim": { "branch": "v0.6", "commit": "9e3209190c22953566ae4e6436ad2b4ff4dabb95" },
  "vim-cool": { "branch": "master", "commit": "662e7b11064cbeedad17c45d2fe926e78d3cd0b6" },
  "vim-easy-align": { "branch": "master", "commit": "9815a55dbcd817784458df7a18acacc6f82b1241" },
  "vim-fugitive": { "branch": "master", "commit": "320b18fba2a4f2fe3c8225c778c687e0d2620384" },
  "vim-rhubarb": { "branch": "master", "commit": "ee69335de176d9325267b0fd2597a22901d927b1" },
  "vim-table-mode": { "branch": "master", "commit": "e4365bde024f73e205eefa2fb78e3029ddb92ea9" },
  "vim-wakatime": { "branch": "master", "commit": "cf51327a9e08935569614d1cb24e779ee9f45519" },
  "volt": { "branch": "main", "commit": "8d35e03c70490190149a77c59155618ef4370721" }
}
