{
  "beacon.nvim": { "branch": "main", "commit": "d02ee7dfcc999537c2f09abdf667aab52f8648f3" },
  "catppuccin": { "branch": "main", "commit": "5215ea59df6d0a7e27da9a5cd1165e06d1b04cbe" },
  "cellular-automaton.nvim": { "branch": "main", "commit": "b7d056dab963b5d3f2c560d92937cb51db61cb5b" },
  "cmd-parser.nvim": { "branch": "master", "commit": "6363b8bddef968c3ec51a38172af44f675f01ef3" },
  "cmp-buffer": { "branch": "main", "commit": "3022dbc9166796b644a841a02de8dd1cc1d311fa" },
  "cmp-calc": { "branch": "main", "commit": "5947b412da67306c5b68698a02a846760059be2e" },
  "cmp-nvim-lsp": { "branch": "main", "commit": "39e2eda76828d88b773cc27a3f61d2ad782c922d" },
  "cmp-nvim-lsp-signature-help": { "branch": "main", "commit": "031e6ba70b0ad5eee49fd2120ff7a2e325b17fa7" },
  "cmp-path": { "branch": "main", "commit": "91ff86cd9c29299a64f968ebb45846c485725f23" },
  "conform.nvim": { "branch": "master", "commit": "069e971295a34a810484b7b2ef54b3c735214181" },
  "copilot.lua": { "branch": "master", "commit": "f7612f5af4a7d7615babf43ab1e67a2d790c13a6" },
  "dial.nvim": { "branch": "master", "commit": "7af2daaaf933b0617ded0f78b49f4d5fc45f9f64" },
  "diffview.nvim": { "branch": "main", "commit": "3afa6a053f680e9f1329c4a151db988a482306cd" },
  "fidget.nvim": { "branch": "main", "commit": "ef99df04a1c53a453602421bc0f756997edc8289" },
  "fzf-lua": { "branch": "main", "commit": "2e88254c2045e14c712ee09f1e461c6056a2b18c" },
  "gitsigns.nvim": { "branch": "main", "commit": "4a143f13e122ab91abdc88f89eefbe70a4858a56" },
  "guess-indent.nvim": { "branch": "main", "commit": "b8ae749fce17aa4c267eec80a6984130b94f80b2" },
  "headlines.nvim": { "branch": "master", "commit": "618ef1b2502c565c82254ef7d5b04402194d9ce3" },
  "heirline.nvim": { "branch": "master", "commit": "0d797435e54645a5f98bad7ad6046aac1ef95c1e" },
  "incline.nvim": { "branch": "main", "commit": "16fc9c073e3ea4175b66ad94375df6d73fc114c0" },
  "lazy.nvim": { "branch": "main", "commit": "eb4957442e3182f051b0ae11da32e06d22c190e3" },
  "local-highlight.nvim": { "branch": "master", "commit": "ae3ada3a332128b1036c84c8587b9069891c63da" },
  "markdown-preview.nvim": { "branch": "master", "commit": "a923f5fc5ba36a3b17e289dc35dc17f66d0548ee" },
  "mini.align": { "branch": "main", "commit": "68a8d3205f0e7ce1bded057f4a851f42ef8fc584" },
  "mini.bracketed": { "branch": "main", "commit": "06ad08fc75dc540cba76d3d8de0f2dc9f75b5812" },
  "mini.bufremove": { "branch": "main", "commit": "e6044aa28e61d4dd9ec86194d6f81743eced0c1c" },
  "mini.clue": { "branch": "main", "commit": "629f7ddb071faf8eba77c5c56a295a0a206df94c" },
  "mini.jump": { "branch": "main", "commit": "5c656080cc0be1d60c4b7b6e0d4b1ab7ed2d902b" },
  "mini.surround": { "branch": "main", "commit": "27096c1a27324ee8f2044ea2adc77366d8a782de" },
  "neogit": { "branch": "master", "commit": "ade9858cb6c434f3642f0b6296ac8d9d4ee51935" },
  "numb.nvim": { "branch": "master", "commit": "3f7d4a74bd456e747a1278ea1672b26116e0824d" },
  "nvim-cmp": { "branch": "main", "commit": "a110e12d0b58eefcf5b771f533fc2cf3050680ac" },
  "nvim-highlight-colors": { "branch": "main", "commit": "30f305d57d658615cd827146f5e56db8b6833475" },
  "nvim-lspconfig": { "branch": "master", "commit": "92166b89ab4b3d60f24e58170cac53b7141fd032" },
  "nvim-pqf": { "branch": "main", "commit": "148ee2ca8b06d83fd9bf6f9b9497724ad39a07d6" },
  "nvim-treesitter": { "branch": "master", "commit": "c1e1e24b6433d4539bad9f5daa207df39633071b" },
  "nvim-treesitter-endwise": { "branch": "master", "commit": "8b34305ffc28bd75a22f5a0a9928ee726a85c9a6" },
  "nvim-ts-autotag": { "branch": "main", "commit": "6eb4120a1aadef07ac312f1c4bc6456712220007" },
  "nvim-web-devicons": { "branch": "master", "commit": "9763790f68d37b44457a434920ffeb0b97949e12" },
  "plenary.nvim": { "branch": "master", "commit": "a3e3bc82a3f95c5ed0d7201546d5d2c19b20d683" },
  "range-highlight.nvim": { "branch": "master", "commit": "8b5e8ccb3460b2c3675f4639b9f54e64eaab36d9" },
  "schemastore.nvim": { "branch": "main", "commit": "d9fd6651b47b68bfc1b952f81a0fdded3cb205b2" },
  "scrollEOF.nvim": { "branch": "master", "commit": "38fd5880021e90c15dc61fa325f714bd8077f0a6" },
  "symbol-usage.nvim": { "branch": "main", "commit": "70ed17636d336a8770eda9d078982decae4e8df8" },
  "tiny-devicons-auto-colors.nvim": { "branch": "main", "commit": "13f9391c2bf43df5224924667bdb66cedea37484" },
  "treesj": { "branch": "main", "commit": "f98deb33805485b56a8d44d1a27d16874af00d7f" },
  "ultimate-autopair.nvim": { "branch": "v0.6", "commit": "5de8b5bdb882d2a95dd7458c3b5c18ee0754bd38" },
  "vim-fugitive": { "branch": "master", "commit": "4f59455d2388e113bd510e85b310d15b9228ca0d" },
  "vim-table-mode": { "branch": "master", "commit": "e4365bde024f73e205eefa2fb78e3029ddb92ea9" },
  "vim-wakatime": { "branch": "master", "commit": "3cb40867cb5a3120f9bef76eff88edc7f1dc1a23" },
  "visual-whitespace.nvim": { "branch": "main", "commit": "e22d8508a0236f274dde39775ee127c85d30c0c0" }
}