{
  "Comment.nvim": { "branch": "master", "commit": "0236521ea582747b58869cb72f70ccfa967d2e89" },
  "beacon.nvim": { "branch": "main", "commit": "d02ee7dfcc999537c2f09abdf667aab52f8648f3" },
  "catppuccin": { "branch": "main", "commit": "b76ada82bf2019d5e343018b4104cc9266900c16" },
  "cellular-automaton.nvim": { "branch": "main", "commit": "b7d056dab963b5d3f2c560d92937cb51db61cb5b" },
  "clangd_extensions.nvim": { "branch": "main", "commit": "34c8eaa12be192e83cd4865ce2375e9f53e728f2" },
  "cmp-buffer": { "branch": "main", "commit": "3022dbc9166796b644a841a02de8dd1cc1d311fa" },
  "cmp-calc": { "branch": "main", "commit": "ce91d14d2e7a8b3f6ad86d85e34d41c1ae6268d9" },
  "cmp-cmdline": { "branch": "main", "commit": "8ee981b4a91f536f52add291594e89fb6645e451" },
  "cmp-nvim-lsp": { "branch": "main", "commit": "5af77f54de1b16c34b23cba810150689a3a90312" },
  "cmp-nvim-lsp-signature-help": { "branch": "main", "commit": "3d8912ebeb56e5ae08ef0906e3a54de1c66b92f1" },
  "cmp-path": { "branch": "main", "commit": "91ff86cd9c29299a64f968ebb45846c485725f23" },
  "copilot.lua": { "branch": "master", "commit": "03f825956ec49e550d07875d867ea6e7c4dc8c00" },
  "diagflow.nvim": { "branch": "main", "commit": "6d2ad945ddbc46f42a0a2e7618975a5f3d2e7dbe" },
  "dial.nvim": { "branch": "master", "commit": "27eb570085db2ef44bff4f620d3806039184651c" },
  "efmls-configs-nvim": { "branch": "main", "commit": "a61c52d325835e24dc14ffb7748a32b8f087ae32" },
  "gitsigns.nvim": { "branch": "main", "commit": "2c2463dbd82eddd7dbab881c3a62cfbfbe3c67ae" },
  "headlines.nvim": { "branch": "master", "commit": "d39c4e6ed8963717bc9b2dc39fada8fe1039e9bf" },
  "heirline.nvim": { "branch": "master", "commit": "03cff30d7e7d3ba6fdc00925f015822f79cef908" },
  "indent-blankline.nvim": { "branch": "current-indent", "commit": "0717a018c7a4ffad91863166711809c63ccdb643" },
  "lazy.nvim": { "branch": "main", "commit": "aedcd79811d491b60d0a6577a9c1701063c2a609" },
  "markdown-preview.nvim": { "branch": "master", "commit": "a923f5fc5ba36a3b17e289dc35dc17f66d0548ee" },
  "mini.bufremove": { "branch": "main", "commit": "931a3bb514147d9e812767275c4beba6b779b1d3" },
  "nvim-cmp": { "branch": "main", "commit": "04e0ca376d6abdbfc8b52180f8ea236cbfddf782" },
  "nvim-colorizer.lua": { "branch": "master", "commit": "85855b38011114929f4058efc97af1059ab3e41d" },
  "nvim-lspconfig": { "branch": "master", "commit": "c656fe5a58b9eae474f61d294648a897d53639cc" },
  "nvim-spider": { "branch": "main", "commit": "dc371a116041c49ae6d3813f6e1722c2dcdabdcf" },
  "nvim-treesitter": { "branch": "master", "commit": "883c72cddc34195a3b916905f6e61d789ddd3599" },
  "nvim-treesitter-endwise": { "branch": "master", "commit": "4c344ffc8d54d7e1ba2cefaaa2c10ea93aa1cc2d" },
  "nvim-treesitter-textobjects": { "branch": "master", "commit": "dd0b2036c3a27cb6e6486f8bd24188c6ca43af0b" },
  "nvim-ts-autotag": { "branch": "main", "commit": "531f48334c422222aebc888fd36e7d109cb354cd" },
  "nvim-ts-context-commentstring": { "branch": "main", "commit": "7ab799a9792f7cf3883cf28c6a00ad431f3d382a" },
  "nvim-web-devicons": { "branch": "master", "commit": "d6fc50df1ea9f89970a7e88eb9fdcd1a56992a08" },
  "plenary.nvim": { "branch": "master", "commit": "4f71c0c4a196ceb656c824a70792f3df3ce6bb6d" },
  "schemastore.nvim": { "branch": "main", "commit": "91b56a811d87b9e7e0600c95f80ff2d08245bf61" },
  "scrollEOF.nvim": { "branch": "master", "commit": "75a471d8dab322947a28a7a810ab6ffc0dd051cf" },
  "symbol-usage.nvim": { "branch": "main", "commit": "d9578780b760ca22cbe7dd618cc880b155b0e84a" },
  "telescope-ui-select.nvim": { "branch": "master", "commit": "6e51d7da30bd139a6950adf2a47fda6df9fa06d2" },
  "telescope.nvim": { "branch": "master", "commit": "eb88dc6434194bd8eebfcc6ade5dd36e850849ce" },
  "treesj": { "branch": "main", "commit": "60e27280030f9cd8dfb6ceb335922c6ff76682cc" },
  "ultimate-autopair.nvim": { "branch": "v0.6", "commit": "07c9da3e7722107163b68ecc5e0141fdd825449d" },
  "vim-cool": { "branch": "master", "commit": "662e7b11064cbeedad17c45d2fe926e78d3cd0b6" },
  "vim-easy-align": { "branch": "master", "commit": "12dd6316974f71ce333e360c0260b4e1f81169c3" },
  "vim-matchup": { "branch": "master", "commit": "7f81ae12542b2a35819f0324895df9bd8626c8ba" },
  "vim-sleuth": { "branch": "master", "commit": "1cc4557420f215d02c4d2645a748a816c220e99b" },
  "vim-table-mode": { "branch": "master", "commit": "4ff8de2ac93431ee6d85a9e04177012752e6abdc" },
  "zen-mode.nvim": { "branch": "main", "commit": "78557d972b4bfbb7488e17b5703d25164ae64e6a" }
}