{
  "beacon.nvim": { "branch": "master", "commit": "098ff96c33874339d5e61656f3050dbd587d6bd5" },
  "catppuccin": { "branch": "main", "commit": "31fcfb02c47952d5c75aec893b93b2878abe5fbb" },
  "cellular-automaton.nvim": { "branch": "main", "commit": "b7d056dab963b5d3f2c560d92937cb51db61cb5b" },
  "cmd-parser.nvim": { "branch": "master", "commit": "6363b8bddef968c3ec51a38172af44f675f01ef3" },
  "cmp-buffer": { "branch": "main", "commit": "3022dbc9166796b644a841a02de8dd1cc1d311fa" },
  "cmp-calc": { "branch": "main", "commit": "5947b412da67306c5b68698a02a846760059be2e" },
  "cmp-cmdline": { "branch": "main", "commit": "d250c63aa13ead745e3a40f61fdd3470efde3923" },
  "cmp-nvim-lsp": { "branch": "main", "commit": "39e2eda76828d88b773cc27a3f61d2ad782c922d" },
  "cmp-nvim-lsp-signature-help": { "branch": "main", "commit": "031e6ba70b0ad5eee49fd2120ff7a2e325b17fa7" },
  "cmp-path": { "branch": "main", "commit": "91ff86cd9c29299a64f968ebb45846c485725f23" },
  "conform.nvim": { "branch": "master", "commit": "c26dadf8a47a547768d1048a0d698ecec33494ce" },
  "copilot.lua": { "branch": "master", "commit": "86537b286f18783f8b67bccd78a4ef4345679625" },
  "dial.nvim": { "branch": "master", "commit": "750f802879c90ea51f92b68c35fa562ee575804a" },
  "fzf-lua": { "branch": "main", "commit": "41ea49cfc1b3f0586753bbeb7850474f28dc22cf" },
  "gitsigns.nvim": { "branch": "main", "commit": "6b1a14eabcebbcca1b9e9163a26b2f8371364cb7" },
  "guess-indent.nvim": { "branch": "main", "commit": "6c75506e71836f34fe5c5efa322dfce3e0494e7b" },
  "headlines.nvim": { "branch": "master", "commit": "618ef1b2502c565c82254ef7d5b04402194d9ce3" },
  "lazy.nvim": { "branch": "main", "commit": "0507e19289539396313503f6eb6b02bbe8a5e483" },
  "local-highlight.nvim": { "branch": "master", "commit": "ae3ada3a332128b1036c84c8587b9069891c63da" },
  "markdown-preview.nvim": { "branch": "master", "commit": "a923f5fc5ba36a3b17e289dc35dc17f66d0548ee" },
  "mini.align": { "branch": "main", "commit": "5020e5dc473707b293aeec5b05e7e88444246885" },
  "mini.bracketed": { "branch": "main", "commit": "48e62a8681185363be89444a0a334c29538e7ce8" },
  "mini.bufremove": { "branch": "main", "commit": "45752e3b6574fa526f026ee5e5031cc98081a1b0" },
  "mini.clue": { "branch": "main", "commit": "c3eaa29d7e875b3a80b4db4067a04726646ce2db" },
  "mini.jump": { "branch": "main", "commit": "c82881f9ef1234309b63d5a11c2b8eea91e1b68d" },
  "mini.surround": { "branch": "main", "commit": "af280fc18792b4d142aab4c1638a8949a38ff33a" },
  "numb.nvim": { "branch": "master", "commit": "3f7d4a74bd456e747a1278ea1672b26116e0824d" },
  "nvim-cmp": { "branch": "main", "commit": "a110e12d0b58eefcf5b771f533fc2cf3050680ac" },
  "nvim-highlight-colors": { "branch": "main", "commit": "96bd5829fc16d93796f0d516c81758f9444789bd" },
  "nvim-lspconfig": { "branch": "master", "commit": "7edfd6692ba17f8d4fe08d84142781898ab0a672" },
  "nvim-pqf": { "branch": "main", "commit": "148ee2ca8b06d83fd9bf6f9b9497724ad39a07d6" },
  "nvim-treesitter": { "branch": "master", "commit": "f0e3b5c5fe38d0012c63368db90017fef87c85a2" },
  "nvim-treesitter-endwise": { "branch": "master", "commit": "8b34305ffc28bd75a22f5a0a9928ee726a85c9a6" },
  "nvim-ts-autotag": { "branch": "main", "commit": "ddfccbf0df1b9349c2b9e9b17f4afa8f9b6c1ed1" },
  "nvim-web-devicons": { "branch": "master", "commit": "9763790f68d37b44457a434920ffeb0b97949e12" },
  "oil.nvim": { "branch": "master", "commit": "65c53dbe4f2140236590a7568a5f22a77d16be39" },
  "plenary.nvim": { "branch": "master", "commit": "a3e3bc82a3f95c5ed0d7201546d5d2c19b20d683" },
  "range-highlight.nvim": { "branch": "master", "commit": "8b5e8ccb3460b2c3675f4639b9f54e64eaab36d9" },
  "schemastore.nvim": { "branch": "main", "commit": "73594484edfa33ec9301e42c6c7a4af25c48266f" },
  "scrollEOF.nvim": { "branch": "master", "commit": "38fd5880021e90c15dc61fa325f714bd8077f0a6" },
  "symbol-usage.nvim": { "branch": "main", "commit": "533846260d3d053aebbf224617cc5294c219a8b1" },
  "tiny-devicons-auto-colors.nvim": { "branch": "main", "commit": "9be4af5b1bc1f26a11206ed7ce8bf44312e7941a" },
  "treesj": { "branch": "main", "commit": "f98deb33805485b56a8d44d1a27d16874af00d7f" },
  "ultimate-autopair.nvim": { "branch": "v0.6", "commit": "035d92eab05ac1390afef7204e3fcad9a50fa443" },
  "vim-fugitive": { "branch": "master", "commit": "d0c1a437536778bcc8174b7cb2ffdf98f611e6fe" },
  "vim-table-mode": { "branch": "master", "commit": "e4365bde024f73e205eefa2fb78e3029ddb92ea9" },
  "vim-wakatime": { "branch": "master", "commit": "3cb40867cb5a3120f9bef76eff88edc7f1dc1a23" },
  "visual-whitespace.nvim": { "branch": "main", "commit": "e22d8508a0236f274dde39775ee127c85d30c0c0" }
}